
Microsoft Visual Studio Solution File, Format Version 12.00
# Visual Studio 14
VisualStudioVersion = 14.0.23107.0
MinimumVisualStudioVersion = 10.0.40219.1
Project("{FAE04EC0-301F-11D3-BF4B-00C04F79EFBC}") = "CAN Buff sniffer", "CAN Buff sniffer\CAN Buff sniffer.csproj", "{60401E94-5241-48FC-B235-E9E4BE2D5A5B}"
EndProject
Project("{2150E333-8FDC-42A3-9474-1A3956D46DE8}") = "Solution Items", "Solution Items", "{56C59500-7C21-4616-B72D-FF3AAFB388D4}"
	ProjectSection(SolutionItems) = preProject
		Ramec.cs = Ramec.cs
	EndProjectSection
EndProject
Project("{FAE04EC0-301F-11D3-BF4B-00C04F79EFBC}") = "Parking", "Parking\Parking.csproj", "{0C6DA991-FE58-48B9-98A0-8B3B0AD0DC74}"
EndProject
Global
	GlobalSection(SolutionConfigurationPlatforms) = preSolution
		Debug|Any CPU = Debug|Any CPU
		Release|Any CPU = Release|Any CPU
	EndGlobalSection
	GlobalSection(ProjectConfigurationPlatforms) = postSolution
		{60401E94-5241-48FC-B235-E9E4BE2D5A5B}.Debug|Any CPU.ActiveCfg = Debug|Any CPU
		{60401E94-5241-48FC-B235-E9E4BE2D5A5B}.Debug|Any CPU.Build.0 = Debug|Any CPU
		{60401E94-5241-48FC-B235-E9E4BE2D5A5B}.Release|Any CPU.ActiveCfg = Release|Any CPU
		{60401E94-5241-48FC-B235-E9E4BE2D5A5B}.Release|Any CPU.Build.0 = Release|Any CPU
		{0C6DA991-FE58-48B9-98A0-8B3B0AD0DC74}.Debug|Any CPU.ActiveCfg = Debug|Any CPU
		{0C6DA991-FE58-48B9-98A0-8B3B0AD0DC74}.Debug|Any CPU.Build.0 = Debug|Any CPU
		{0C6DA991-FE58-48B9-98A0-8B3B0AD0DC74}.Release|Any CPU.ActiveCfg = Release|Any CPU
		{0C6DA991-FE58-48B9-98A0-8B3B0AD0DC74}.Release|Any CPU.Build.0 = Release|Any CPU
	EndGlobalSection
	GlobalSection(SolutionProperties) = preSolution
		HideSolutionNode = FALSE
	EndGlobalSection
EndGlobal
